{
  "version": 4,
  "terraform_version": "1.3.7",
  "serial": 14,
  "lineage": "4f5e320a-b808-4c93-eb8a-5f91eb7653a6",
  "outputs": {
    "public_ip_address": {
      "value": "20.185.40.21",
      "type": "string"
    },
    "resource_group_name": {
      "value": "rg-fleet-haddock",
      "type": "string"
    },
    "tls_private_key": {
      "value": "-----BEGIN RSA PRIVATE KEY-----\nMIIJJwIBAAKCAgEAuVPyiCjcUKviRz32Oifw3nz0gXaAmO2w2j08v9Yd1Vn1DNxd\np4/QHiT0MMofSJYs7l1n1LUI2vQjpVUONJfnGf06shrroVK8fjdBDTKi7dKZAZWG\nvYQnDTOCdjRY3h0mPQNgnowQL67uvxORdle7phyFc2T4qZ+yteWkNOrQ0KPg/JrY\nUzfWMXM7A8dFvBn0IKSvXbYT8bPMRBrMUy0/UKHhQsv3FkWFnaTPdYvmu27spmQQ\n+ejftO3xxeuCUt/u/XQ7+9c+OavdpiNMnlJk/bA83zhu2f6IFdcBsacacjOhlSBi\n8lVjDkd00s0f2KOtcr4ga5nrik1QyIt7PXPLzKlIz2aBGFonu5QMeEIyA8tadpPy\nNajAbP58MHaIgWoVNeMI9HaZo/+TnFWyg3LMLurUD9+g3EhxQwwm6hrfHt87jPTa\no9MjjRZWYx1su+8TpW1JfRJFz90UIohIywkw6kOMeFuVHf+Rvc1fr/OcO/0fxtu0\nwQ7ZZeHJNfbk8gaMNNQcrlXrEJ9Sfal9s9t59WPdB55GylNxxqrduazFWV0e2N3t\nK4M7izgbWkqTvHuxjnZ1dyiqogZhYqY1aTN9x/lo23r3qVeIO+Yq8Qdyl9hn/m+l\nbrmZT7p/c6XnzJ0i91ULJ2IWNaDV+2SKdKI0cQYGF16ynUpuN4GhbhNfB/ECAwEA\nAQKCAgA9Tf6pedK/QMx+Qonj3Ph5sJ31AW0yqVXaK22gC8UcoUBFe9PjLNhsUE8S\noJnOmhbM1ssU+rmuLBpqg4NKdIE3AKRc7DjLyaGeosp7AigRQZvpgTvsDv4YCNT8\nIv7OopfWkPpyF+T20Qga3u88VXM2VLL0ZA85lSE5uHgkJRTkH4G6LcKnbI4HF5YK\n/u0bdv5hmfiEqElap95HHRI/5XTPSG1KekwG6wJzDmSt/pRZpizUMb/H23e80wUq\nMmiO35Kf9sYs3Zuw2iBc58pdiOXtYVIRiQpqRB9iEhh2Ws+NvXSS7v6sKQC2ZX7I\niKAjOqmSjkANOAJJYp/5ZuJihp6ASVMmZrHmzbeao2dGMiXatI6GXxiGr3nxMikA\n/Iv/k0WitGTWZfbzfaQekj2gxQFlNMk2S/NtjBzalZ/TR+wlNVvnV1M3nO1lxOH+\nj5huOzKuOtNg+LmnWWMiJSWxVDjZUpV8j0Ow7/sXvrZIX2DSIOmWMA7GYQ2bzQbR\ncXQSKfek+5u9zt8j1qaXNlQKrhXAlyglBLsfwl9I6GRlWo3eWgF68yLHk8s2V4bt\n12qnCRoUewuqbPeEyvSvuKVoNbtctFyu1TLaQVqs7tLYXTemu60KXObgEBzuRrlW\nqwY54brOJy7aN67ntgV23T4x7imJva/IL/Nlxf88ZDZkGWFOzQKCAQEAyBLtTy5K\nwKrhAYcRLcZQOmMvG8abrrYc/knESCvun4+0tshxhPcQUKrNKjyAEzosdL33Ics0\nQqelhkBJDMf+KVbybvPe0E8JZtBfwLxsCAyHw2vnT+/VjBaPKS2NSbmlzIiUhpwP\nKsXpZ0nO6N+Iu5vzofDJX9oZggvN2VeUaxCIXL85qFKL6bqhOWgJ+hrJHlJcbkye\nooHJi9DMzc3eWN3NKcEGG59Ic8i2ahoih3pkIYEOPXSL64NyXHKEhyOdkgZNpE+E\nY+KO1ON8FStKbl//2exmCenMNdpwPV6hPuJVLdqWo51QWxM+IvgvWaxmH4iQvy4Y\nj11omnyjBzGWIwKCAQEA7SHPyh1mAbTGgmQ5nIbZ7YH5B2kdiXkCwlQ6oyM9q8r5\nqAMe5zo98gLGJMln5JrUBAJ7QmDW02UvrFhV+oGtANdbmpJitstFlKBLQg9u1W8W\nCn0ZS2pMtHYEitwDEllKZkjZ0jTp5cncYjxKqaHXYbt6Z7OegbAERkv0kIDjbzn7\nkcvNhO1nCWHlqU5whjElh6xeWZPUvPVJnBzJjUWShHBpKX6lEr54CfGIfQ1Sib9J\n6yW6o5qs5V44TiQLeZF14FMhMDqvOo8bNnqiIy2SaIjBc7wRtU59Omt9GqiwFhTl\nQALul8wkWvGAwIOICJH2hxsIA4e1x3z+nc1875uI2wKCAQBHob8lIkXRRVzZ1ynn\nYaFHxksPfsQugTVQNcj4rgH5TtI8vvcly+8jcoOSI6cXOzS/d2QLzV0goDU7I7kD\nwnbVBjQ2VUno+uM61E/0CYIEP7g7114x2IR0a39GFvEG/FjIKf5DU4x6m/E88cgK\nyD2ELgnEaRkwID4RuXgx4JFa48hurGhQQ32kaRVgIEeyK/TlzkcZloUVWbJ3RIKP\nDK4W0xKpaFpveU/PZIUq58CFEOTYugQHLLsLzzwarUWVvMKljWwu7+lOecb5oZjD\nW4SCkAxiUakW04YxocudrUu93/rvN9vHKIOkl/cfPgx15quJjrOEP1S7v428AfO8\nl5xRAoIBAEUc7q/sw5dJtfW4+mWZlBi6Ife79kTkBR7YZ8K2eboBTaRfTHl+KyHH\nFzMPlH03dwW4J26gRNyWCEAF+wEpHGA7ZFJ3ydeXBS+dTHHzh40jdFwYO/AUCkkq\ngIZsO2T0q0+Geh3fGDDGFbp38hbguaKdfr6Mxmzr/ULzzlLzjdYUIzNKIBtXCgnd\nA4/F8dvapSKW5WTcRkvQfeTHKyNGnL6G+M+EPt5orxnO0MYJxP2qyAOGGpCmey/a\ntzRnIwUKlT2NXQXuhLXfkcHeGjWAicR331I5BTw/pRYK0AqeEbxN2MdAU4PgltP+\nwVTawSImUKDuCvbkbeG3l4osovY+8bMCggEAMTKaP26OHjRv9BqZh4UHkFeaw0Zf\nUxZ/TQKLkH9zAZsa5M4RCD/ibKmzX2NUorLx4mON93mjSrHJBjLPbBcTyzAFm0kt\ndIqxkdzhXjNieA9fGfyjCn1RUt4l6s9OL55tB3w5OdTMioFNqSjGc2mpD/poVQSZ\nSyCiaaCgG8kUQjXfFa/shZcB/qXWxWkBauv2zjPFF6RZCeq8wVDZ++eo6wVZQoxb\nWaWqDOXHgI4ZfIA+/yRA3UIVqR6I6rwO6g9lJZysuImJwvOUSTBxcNOpicr51pez\njXIdyV/Vpc1MGoAXuv64zFka36D3D0z5cVveNTfbG9gVrjK3PfNOt87lWQ==\n-----END RSA PRIVATE KEY-----\n",
      "type": "string",
      "sensitive": true
    }
  },
  "resources": [
    {
      "mode": "managed",
      "type": "azurerm_linux_virtual_machine",
      "name": "my_terraform_vm",
      "provider": "provider[\"registry.terraform.io/hashicorp/azurerm\"]",
      "instances": [
        {
          "schema_version": 0,
          "attributes": {
            "additional_capabilities": [],
            "admin_password": null,
            "admin_ssh_key": [
              {
                "public_key": "ssh-rsa AAAAB3NzaC1yc2EAAAADAQABAAACAQC5U/KIKNxQq+JHPfY6J/DefPSBdoCY7bDaPTy/1h3VWfUM3F2nj9AeJPQwyh9IlizuXWfUtQja9COlVQ40l+cZ/TqyGuuhUrx+N0ENMqLt0pkBlYa9hCcNM4J2NFjeHSY9A2CejBAvru6/E5F2V7umHIVzZPipn7K15aQ06tDQo+D8mthTN9YxczsDx0W8GfQgpK9dthPxs8xEGsxTLT9QoeFCy/cWRYWdpM91i+a7buymZBD56N+07fHF64JS3+79dDv71z45q92mI0yeUmT9sDzfOG7Z/ogV1wGxpxpyM6GVIGLyVWMOR3TSzR/Yo61yviBrmeuKTVDIi3s9c8vMqUjPZoEYWie7lAx4QjIDy1p2k/I1qMBs/nwwdoiBahU14wj0dpmj/5OcVbKDcswu6tQP36DcSHFDDCbqGt8e3zuM9Nqj0yONFlZjHWy77xOlbUl9EkXP3RQiiEjLCTDqQ4x4W5Ud/5G9zV+v85w7/R/G27TBDtll4ck19uTyBow01ByuVesQn1J9qX2z23n1Y90HnkbKU3HGqt25rMVZXR7Y3e0rgzuLOBtaSpO8e7GOdnV3KKqiBmFipjVpM33H+WjbevepV4g75irxB3KX2Gf+b6VuuZlPun9zpefMnSL3VQsnYhY1oNX7ZIp0ojRxBgYXXrKdSm43gaFuE18H8Q==\n",
                "username": "azureuser"
              }
            ],
            "admin_username": "azureuser",
            "allow_extension_operations": true,
            "availability_set_id": "",
            "boot_diagnostics": [
              {
                "storage_account_uri": "https://diag48793aabafdc1867.blob.core.windows.net/"
              }
            ],
            "computer_name": "myvm",
            "custom_data": null,
            "dedicated_host_group_id": "",
            "dedicated_host_id": "",
            "disable_password_authentication": true,
            "encryption_at_host_enabled": false,
            "eviction_policy": "",
            "extensions_time_budget": "PT1H30M",
            "id": "/subscriptions/e90ff60d-0b06-4179-95a6-43a2b0c3730b/resourceGroups/rg-fleet-haddock/providers/Microsoft.Compute/virtualMachines/myVM",
            "identity": [],
            "license_type": "",
            "location": "eastus",
            "max_bid_price": -1,
            "name": "myVM",
            "network_interface_ids": [
              "/subscriptions/e90ff60d-0b06-4179-95a6-43a2b0c3730b/resourceGroups/rg-fleet-haddock/providers/Microsoft.Network/networkInterfaces/myNIC"
            ],
            "os_disk": [
              {
                "caching": "ReadWrite",
                "diff_disk_settings": [],
                "disk_encryption_set_id": "",
                "disk_size_gb": 30,
                "name": "myOsDisk",
                "storage_account_type": "Premium_LRS",
                "write_accelerator_enabled": false
              }
            ],
            "patch_mode": "ImageDefault",
            "plan": [],
            "platform_fault_domain": -1,
            "priority": "Regular",
            "private_ip_address": "10.0.1.4",
            "private_ip_addresses": [
              "10.0.1.4"
            ],
            "provision_vm_agent": true,
            "proximity_placement_group_id": "",
            "public_ip_address": "20.185.40.21",
            "public_ip_addresses": [
              "20.185.40.21"
            ],
            "resource_group_name": "rg-fleet-haddock",
            "secret": [],
            "secure_boot_enabled": false,
            "size": "Standard_DS1_v2",
            "source_image_id": "",
            "source_image_reference": [
              {
                "offer": "UbuntuServer",
                "publisher": "Canonical",
                "sku": "18.04-LTS",
                "version": "latest"
              }
            ],
            "tags": null,
            "timeouts": null,
            "user_data": "",
            "virtual_machine_id": "2a1ff846-2968-4f03-9204-1a6450c33b4d",
            "virtual_machine_scale_set_id": "",
            "vtpm_enabled": false,
            "zone": ""
          },
          "sensitive_attributes": [],
          "private": "eyJlMmJmYjczMC1lY2FhLTExZTYtOGY4OC0zNDM2M2JjN2M0YzAiOnsiY3JlYXRlIjoyNzAwMDAwMDAwMDAwLCJkZWxldGUiOjI3MDAwMDAwMDAwMDAsInJlYWQiOjMwMDAwMDAwMDAwMCwidXBkYXRlIjoyNzAwMDAwMDAwMDAwfX0=",
          "dependencies": [
            "azurerm_network_interface.my_terraform_nic",
            "azurerm_public_ip.my_terraform_public_ip",
            "azurerm_resource_group.rg",
            "azurerm_storage_account.my_storage_account",
            "azurerm_subnet.my_terraform_subnet",
            "azurerm_virtual_network.my_terraform_network",
            "random_id.random_id",
            "random_pet.rg_name",
            "tls_private_key.example_ssh"
          ]
        }
      ]
    },
    {
      "mode": "managed",
      "type": "azurerm_network_interface",
      "name": "my_terraform_nic",
      "provider": "provider[\"registry.terraform.io/hashicorp/azurerm\"]",
      "instances": [
        {
          "schema_version": 0,
          "attributes": {
            "applied_dns_servers": [],
            "dns_servers": [],
            "enable_accelerated_networking": false,
            "enable_ip_forwarding": false,
            "id": "/subscriptions/e90ff60d-0b06-4179-95a6-43a2b0c3730b/resourceGroups/rg-fleet-haddock/providers/Microsoft.Network/networkInterfaces/myNIC",
            "internal_dns_name_label": "",
            "internal_domain_name_suffix": "qd53m341nyjuxft0taocep4vpb.bx.internal.cloudapp.net",
            "ip_configuration": [
              {
                "gateway_load_balancer_frontend_ip_configuration_id": "",
                "name": "my_nic_configuration",
                "primary": true,
                "private_ip_address": "10.0.1.4",
                "private_ip_address_allocation": "Dynamic",
                "private_ip_address_version": "IPv4",
                "public_ip_address_id": "/subscriptions/e90ff60d-0b06-4179-95a6-43a2b0c3730b/resourceGroups/rg-fleet-haddock/providers/Microsoft.Network/publicIPAddresses/myPublicIP",
                "subnet_id": "/subscriptions/e90ff60d-0b06-4179-95a6-43a2b0c3730b/resourceGroups/rg-fleet-haddock/providers/Microsoft.Network/virtualNetworks/myVnet/subnets/mySubnet"
              }
            ],
            "location": "eastus",
            "mac_address": "",
            "name": "myNIC",
            "private_ip_address": "10.0.1.4",
            "private_ip_addresses": [
              "10.0.1.4"
            ],
            "resource_group_name": "rg-fleet-haddock",
            "tags": null,
            "timeouts": null,
            "virtual_machine_id": ""
          },
          "sensitive_attributes": [],
          "private": "eyJlMmJmYjczMC1lY2FhLTExZTYtOGY4OC0zNDM2M2JjN2M0YzAiOnsiY3JlYXRlIjoxODAwMDAwMDAwMDAwLCJkZWxldGUiOjE4MDAwMDAwMDAwMDAsInJlYWQiOjMwMDAwMDAwMDAwMCwidXBkYXRlIjoxODAwMDAwMDAwMDAwfX0=",
          "dependencies": [
            "azurerm_public_ip.my_terraform_public_ip",
            "azurerm_resource_group.rg",
            "azurerm_subnet.my_terraform_subnet",
            "azurerm_virtual_network.my_terraform_network",
            "random_pet.rg_name"
          ]
        }
      ]
    },
    {
      "mode": "managed",
      "type": "azurerm_network_interface_security_group_association",
      "name": "example",
      "provider": "provider[\"registry.terraform.io/hashicorp/azurerm\"]",
      "instances": [
        {
          "schema_version": 0,
          "attributes": {
            "id": "/subscriptions/e90ff60d-0b06-4179-95a6-43a2b0c3730b/resourceGroups/rg-fleet-haddock/providers/Microsoft.Network/networkInterfaces/myNIC|/subscriptions/e90ff60d-0b06-4179-95a6-43a2b0c3730b/resourceGroups/rg-fleet-haddock/providers/Microsoft.Network/networkSecurityGroups/myNetworkSecurityGroup",
            "network_interface_id": "/subscriptions/e90ff60d-0b06-4179-95a6-43a2b0c3730b/resourceGroups/rg-fleet-haddock/providers/Microsoft.Network/networkInterfaces/myNIC",
            "network_security_group_id": "/subscriptions/e90ff60d-0b06-4179-95a6-43a2b0c3730b/resourceGroups/rg-fleet-haddock/providers/Microsoft.Network/networkSecurityGroups/myNetworkSecurityGroup",
            "timeouts": null
          },
          "sensitive_attributes": [],
          "private": "eyJlMmJmYjczMC1lY2FhLTExZTYtOGY4OC0zNDM2M2JjN2M0YzAiOnsiY3JlYXRlIjoxODAwMDAwMDAwMDAwLCJkZWxldGUiOjE4MDAwMDAwMDAwMDAsInJlYWQiOjMwMDAwMDAwMDAwMCwidXBkYXRlIjoxODAwMDAwMDAwMDAwfX0=",
          "dependencies": [
            "azurerm_network_interface.my_terraform_nic",
            "azurerm_network_security_group.my_terraform_nsg",
            "azurerm_public_ip.my_terraform_public_ip",
            "azurerm_resource_group.rg",
            "azurerm_subnet.my_terraform_subnet",
            "azurerm_virtual_network.my_terraform_network",
            "random_pet.rg_name"
          ]
        }
      ]
    },
    {
      "mode": "managed",
      "type": "azurerm_network_security_group",
      "name": "my_terraform_nsg",
      "provider": "provider[\"registry.terraform.io/hashicorp/azurerm\"]",
      "instances": [
        {
          "schema_version": 0,
          "attributes": {
            "id": "/subscriptions/e90ff60d-0b06-4179-95a6-43a2b0c3730b/resourceGroups/rg-fleet-haddock/providers/Microsoft.Network/networkSecurityGroups/myNetworkSecurityGroup",
            "location": "eastus",
            "name": "myNetworkSecurityGroup",
            "resource_group_name": "rg-fleet-haddock",
            "security_rule": [
              {
                "access": "Allow",
                "description": "",
                "destination_address_prefix": "*",
                "destination_address_prefixes": [],
                "destination_application_security_group_ids": [],
                "destination_port_range": "22",
                "destination_port_ranges": [],
                "direction": "Inbound",
                "name": "SSH",
                "priority": 1001,
                "protocol": "Tcp",
                "source_address_prefix": "*",
                "source_address_prefixes": [],
                "source_application_security_group_ids": [],
                "source_port_range": "*",
                "source_port_ranges": []
              }
            ],
            "tags": null,
            "timeouts": null
          },
          "sensitive_attributes": [],
          "private": "eyJlMmJmYjczMC1lY2FhLTExZTYtOGY4OC0zNDM2M2JjN2M0YzAiOnsiY3JlYXRlIjoxODAwMDAwMDAwMDAwLCJkZWxldGUiOjE4MDAwMDAwMDAwMDAsInJlYWQiOjMwMDAwMDAwMDAwMCwidXBkYXRlIjoxODAwMDAwMDAwMDAwfX0=",
          "dependencies": [
            "azurerm_resource_group.rg",
            "random_pet.rg_name"
          ]
        }
      ]
    },
    {
      "mode": "managed",
      "type": "azurerm_public_ip",
      "name": "my_terraform_public_ip",
      "provider": "provider[\"registry.terraform.io/hashicorp/azurerm\"]",
      "instances": [
        {
          "schema_version": 0,
          "attributes": {
            "allocation_method": "Dynamic",
            "availability_zone": "No-Zone",
            "domain_name_label": null,
            "fqdn": null,
            "id": "/subscriptions/e90ff60d-0b06-4179-95a6-43a2b0c3730b/resourceGroups/rg-fleet-haddock/providers/Microsoft.Network/publicIPAddresses/myPublicIP",
            "idle_timeout_in_minutes": 4,
            "ip_address": "",
            "ip_tags": null,
            "ip_version": "IPv4",
            "location": "eastus",
            "name": "myPublicIP",
            "public_ip_prefix_id": null,
            "resource_group_name": "rg-fleet-haddock",
            "reverse_fqdn": null,
            "sku": "Basic",
            "sku_tier": "Regional",
            "tags": null,
            "timeouts": null,
            "zones": []
          },
          "sensitive_attributes": [],
          "private": "eyJlMmJmYjczMC1lY2FhLTExZTYtOGY4OC0zNDM2M2JjN2M0YzAiOnsiY3JlYXRlIjoxODAwMDAwMDAwMDAwLCJkZWxldGUiOjE4MDAwMDAwMDAwMDAsInJlYWQiOjMwMDAwMDAwMDAwMCwidXBkYXRlIjoxODAwMDAwMDAwMDAwfX0=",
          "dependencies": [
            "azurerm_resource_group.rg",
            "random_pet.rg_name"
          ]
        }
      ]
    },
    {
      "mode": "managed",
      "type": "azurerm_resource_group",
      "name": "rg",
      "provider": "provider[\"registry.terraform.io/hashicorp/azurerm\"]",
      "instances": [
        {
          "schema_version": 0,
          "attributes": {
            "id": "/subscriptions/e90ff60d-0b06-4179-95a6-43a2b0c3730b/resourceGroups/rg-fleet-haddock",
            "location": "eastus",
            "name": "rg-fleet-haddock",
            "tags": null,
            "timeouts": null
          },
          "sensitive_attributes": [],
          "private": "eyJlMmJmYjczMC1lY2FhLTExZTYtOGY4OC0zNDM2M2JjN2M0YzAiOnsiY3JlYXRlIjo1NDAwMDAwMDAwMDAwLCJkZWxldGUiOjU0MDAwMDAwMDAwMDAsInJlYWQiOjMwMDAwMDAwMDAwMCwidXBkYXRlIjo1NDAwMDAwMDAwMDAwfX0=",
          "dependencies": [
            "random_pet.rg_name"
          ]
        }
      ]
    },
    {
      "mode": "managed",
      "type": "azurerm_storage_account",
      "name": "my_storage_account",
      "provider": "provider[\"registry.terraform.io/hashicorp/azurerm\"]",
      "instances": [
        {
          "schema_version": 2,
          "attributes": {
            "access_tier": "Hot",
            "account_kind": "StorageV2",
            "account_replication_type": "LRS",
            "account_tier": "Standard",
            "allow_blob_public_access": false,
            "azure_files_authentication": [],
            "blob_properties": [
              {
                "change_feed_enabled": false,
                "container_delete_retention_policy": [],
                "cors_rule": [],
                "default_service_version": "",
                "delete_retention_policy": [],
                "last_access_time_enabled": false,
                "versioning_enabled": false
              }
            ],
            "custom_domain": [],
            "customer_managed_key": [],
            "enable_https_traffic_only": true,
            "id": "/subscriptions/e90ff60d-0b06-4179-95a6-43a2b0c3730b/resourceGroups/rg-fleet-haddock/providers/Microsoft.Storage/storageAccounts/diag48793aabafdc1867",
            "identity": [],
            "infrastructure_encryption_enabled": false,
            "is_hns_enabled": false,
            "large_file_share_enabled": null,
            "location": "eastus",
            "min_tls_version": "TLS1_0",
            "name": "diag48793aabafdc1867",
            "network_rules": [
              {
                "bypass": [
                  "AzureServices"
                ],
                "default_action": "Allow",
                "ip_rules": [],
                "private_link_access": [],
                "virtual_network_subnet_ids": []
              }
            ],
            "nfsv3_enabled": false,
            "primary_access_key": "fGqGzcYRQB++AsQeL4cWuq2WKHhXsunP/IRfmDNMngM0a2Polaitg+Pk3G7EpEiLOUI2cRpYkZCr+AStYerjjg==",
            "primary_blob_connection_string": "DefaultEndpointsProtocol=https;BlobEndpoint=https://diag48793aabafdc1867.blob.core.windows.net/;AccountName=diag48793aabafdc1867;AccountKey=fGqGzcYRQB++AsQeL4cWuq2WKHhXsunP/IRfmDNMngM0a2Polaitg+Pk3G7EpEiLOUI2cRpYkZCr+AStYerjjg==",
            "primary_blob_endpoint": "https://diag48793aabafdc1867.blob.core.windows.net/",
            "primary_blob_host": "diag48793aabafdc1867.blob.core.windows.net",
            "primary_connection_string": "DefaultEndpointsProtocol=https;AccountName=diag48793aabafdc1867;AccountKey=fGqGzcYRQB++AsQeL4cWuq2WKHhXsunP/IRfmDNMngM0a2Polaitg+Pk3G7EpEiLOUI2cRpYkZCr+AStYerjjg==;EndpointSuffix=core.windows.net",
            "primary_dfs_endpoint": "https://diag48793aabafdc1867.dfs.core.windows.net/",
            "primary_dfs_host": "diag48793aabafdc1867.dfs.core.windows.net",
            "primary_file_endpoint": "https://diag48793aabafdc1867.file.core.windows.net/",
            "primary_file_host": "diag48793aabafdc1867.file.core.windows.net",
            "primary_location": "eastus",
            "primary_queue_endpoint": "https://diag48793aabafdc1867.queue.core.windows.net/",
            "primary_queue_host": "diag48793aabafdc1867.queue.core.windows.net",
            "primary_table_endpoint": "https://diag48793aabafdc1867.table.core.windows.net/",
            "primary_table_host": "diag48793aabafdc1867.table.core.windows.net",
            "primary_web_endpoint": "https://diag48793aabafdc1867.z13.web.core.windows.net/",
            "primary_web_host": "diag48793aabafdc1867.z13.web.core.windows.net",
            "queue_encryption_key_type": "Service",
            "queue_properties": [
              {
                "cors_rule": [],
                "hour_metrics": [
                  {
                    "enabled": true,
                    "include_apis": true,
                    "retention_policy_days": 7,
                    "version": "1.0"
                  }
                ],
                "logging": [
                  {
                    "delete": false,
                    "read": false,
                    "retention_policy_days": 0,
                    "version": "1.0",
                    "write": false
                  }
                ],
                "minute_metrics": [
                  {
                    "enabled": false,
                    "include_apis": false,
                    "retention_policy_days": 0,
                    "version": "1.0"
                  }
                ]
              }
            ],
            "resource_group_name": "rg-fleet-haddock",
            "routing": [],
            "secondary_access_key": "EJdwhv+8kfit4Z1SjsKMZZHpTuWuPcEiEe/XUPU10ju0vcm6JKHJgbYnUAKdmXoaf5y3DjI3wtxE+ASt+hPcDg==",
            "secondary_blob_connection_string": "",
            "secondary_blob_endpoint": null,
            "secondary_blob_host": null,
            "secondary_connection_string": "DefaultEndpointsProtocol=https;AccountName=diag48793aabafdc1867;AccountKey=EJdwhv+8kfit4Z1SjsKMZZHpTuWuPcEiEe/XUPU10ju0vcm6JKHJgbYnUAKdmXoaf5y3DjI3wtxE+ASt+hPcDg==;EndpointSuffix=core.windows.net",
            "secondary_dfs_endpoint": null,
            "secondary_dfs_host": null,
            "secondary_file_endpoint": null,
            "secondary_file_host": null,
            "secondary_location": "",
            "secondary_queue_endpoint": null,
            "secondary_queue_host": null,
            "secondary_table_endpoint": null,
            "secondary_table_host": null,
            "secondary_web_endpoint": null,
            "secondary_web_host": null,
            "share_properties": [
              {
                "cors_rule": [],
                "retention_policy": [
                  {
                    "days": 7
                  }
                ],
                "smb": []
              }
            ],
            "shared_access_key_enabled": true,
            "static_website": [],
            "table_encryption_key_type": "Service",
            "tags": null,
            "timeouts": null
          },
          "sensitive_attributes": [],
          "private": "eyJlMmJmYjczMC1lY2FhLTExZTYtOGY4OC0zNDM2M2JjN2M0YzAiOnsiY3JlYXRlIjozNjAwMDAwMDAwMDAwLCJkZWxldGUiOjM2MDAwMDAwMDAwMDAsInJlYWQiOjMwMDAwMDAwMDAwMCwidXBkYXRlIjozNjAwMDAwMDAwMDAwfSwic2NoZW1hX3ZlcnNpb24iOiIyIn0=",
          "dependencies": [
            "azurerm_resource_group.rg",
            "random_id.random_id",
            "random_pet.rg_name"
          ]
        }
      ]
    },
    {
      "mode": "managed",
      "type": "azurerm_subnet",
      "name": "my_terraform_subnet",
      "provider": "provider[\"registry.terraform.io/hashicorp/azurerm\"]",
      "instances": [
        {
          "schema_version": 0,
          "attributes": {
            "address_prefix": "10.0.1.0/24",
            "address_prefixes": [
              "10.0.1.0/24"
            ],
            "delegation": [],
            "enforce_private_link_endpoint_network_policies": false,
            "enforce_private_link_service_network_policies": false,
            "id": "/subscriptions/e90ff60d-0b06-4179-95a6-43a2b0c3730b/resourceGroups/rg-fleet-haddock/providers/Microsoft.Network/virtualNetworks/myVnet/subnets/mySubnet",
            "name": "mySubnet",
            "resource_group_name": "rg-fleet-haddock",
            "service_endpoint_policy_ids": null,
            "service_endpoints": null,
            "timeouts": null,
            "virtual_network_name": "myVnet"
          },
          "sensitive_attributes": [],
          "private": "eyJlMmJmYjczMC1lY2FhLTExZTYtOGY4OC0zNDM2M2JjN2M0YzAiOnsiY3JlYXRlIjoxODAwMDAwMDAwMDAwLCJkZWxldGUiOjE4MDAwMDAwMDAwMDAsInJlYWQiOjMwMDAwMDAwMDAwMCwidXBkYXRlIjoxODAwMDAwMDAwMDAwfX0=",
          "dependencies": [
            "azurerm_resource_group.rg",
            "azurerm_virtual_network.my_terraform_network",
            "random_pet.rg_name"
          ]
        }
      ]
    },
    {
      "mode": "managed",
      "type": "azurerm_virtual_network",
      "name": "my_terraform_network",
      "provider": "provider[\"registry.terraform.io/hashicorp/azurerm\"]",
      "instances": [
        {
          "schema_version": 0,
          "attributes": {
            "address_space": [
              "10.0.0.0/16"
            ],
            "bgp_community": "",
            "ddos_protection_plan": [],
            "dns_servers": [],
            "flow_timeout_in_minutes": 0,
            "guid": "77d6ff80-6edb-4b13-967a-981c223fd579",
            "id": "/subscriptions/e90ff60d-0b06-4179-95a6-43a2b0c3730b/resourceGroups/rg-fleet-haddock/providers/Microsoft.Network/virtualNetworks/myVnet",
            "location": "eastus",
            "name": "myVnet",
            "resource_group_name": "rg-fleet-haddock",
            "subnet": [],
            "tags": null,
            "timeouts": null,
            "vm_protection_enabled": false
          },
          "sensitive_attributes": [],
          "private": "eyJlMmJmYjczMC1lY2FhLTExZTYtOGY4OC0zNDM2M2JjN2M0YzAiOnsiY3JlYXRlIjoxODAwMDAwMDAwMDAwLCJkZWxldGUiOjE4MDAwMDAwMDAwMDAsInJlYWQiOjMwMDAwMDAwMDAwMCwidXBkYXRlIjoxODAwMDAwMDAwMDAwfX0=",
          "dependencies": [
            "azurerm_resource_group.rg",
            "random_pet.rg_name"
          ]
        }
      ]
    },
    {
      "mode": "managed",
      "type": "random_id",
      "name": "random_id",
      "provider": "provider[\"registry.terraform.io/hashicorp/random\"]",
      "instances": [
        {
          "schema_version": 0,
          "attributes": {
            "b64_std": "SHk6q6/cGGc=",
            "b64_url": "SHk6q6_cGGc",
            "byte_length": 8,
            "dec": "5222269751977056359",
            "hex": "48793aabafdc1867",
            "id": "SHk6q6_cGGc",
            "keepers": {
              "resource_group": "rg-fleet-haddock"
            },
            "prefix": null
          },
          "sensitive_attributes": [],
          "dependencies": [
            "azurerm_resource_group.rg",
            "random_pet.rg_name"
          ]
        }
      ]
    },
    {
      "mode": "managed",
      "type": "random_pet",
      "name": "rg_name",
      "provider": "provider[\"registry.terraform.io/hashicorp/random\"]",
      "instances": [
        {
          "schema_version": 0,
          "attributes": {
            "id": "rg-fleet-haddock",
            "keepers": null,
            "length": 2,
            "prefix": "rg",
            "separator": "-"
          },
          "sensitive_attributes": []
        }
      ]
    },
    {
      "mode": "managed",
      "type": "tls_private_key",
      "name": "example_ssh",
      "provider": "provider[\"registry.terraform.io/hashicorp/tls\"]",
      "instances": [
        {
          "schema_version": 1,
          "attributes": {
            "algorithm": "RSA",
            "ecdsa_curve": "P224",
            "id": "ea78bc743ee717b7a355b7c2300e3a2639bb7159",
            "private_key_openssh": "-----BEGIN OPENSSH PRIVATE KEY-----\nb3BlbnNzaC1rZXktdjEAAAAABG5vbmUAAAAEbm9uZQAAAAAAAAABAAACFwAAAAdz\nc2gtcnNhAAAAAwEAAQAAAgEAuVPyiCjcUKviRz32Oifw3nz0gXaAmO2w2j08v9Yd\n1Vn1DNxdp4/QHiT0MMofSJYs7l1n1LUI2vQjpVUONJfnGf06shrroVK8fjdBDTKi\n7dKZAZWGvYQnDTOCdjRY3h0mPQNgnowQL67uvxORdle7phyFc2T4qZ+yteWkNOrQ\n0KPg/JrYUzfWMXM7A8dFvBn0IKSvXbYT8bPMRBrMUy0/UKHhQsv3FkWFnaTPdYvm\nu27spmQQ+ejftO3xxeuCUt/u/XQ7+9c+OavdpiNMnlJk/bA83zhu2f6IFdcBsaca\ncjOhlSBi8lVjDkd00s0f2KOtcr4ga5nrik1QyIt7PXPLzKlIz2aBGFonu5QMeEIy\nA8tadpPyNajAbP58MHaIgWoVNeMI9HaZo/+TnFWyg3LMLurUD9+g3EhxQwwm6hrf\nHt87jPTao9MjjRZWYx1su+8TpW1JfRJFz90UIohIywkw6kOMeFuVHf+Rvc1fr/Oc\nO/0fxtu0wQ7ZZeHJNfbk8gaMNNQcrlXrEJ9Sfal9s9t59WPdB55GylNxxqrduazF\nWV0e2N3tK4M7izgbWkqTvHuxjnZ1dyiqogZhYqY1aTN9x/lo23r3qVeIO+Yq8Qdy\nl9hn/m+lbrmZT7p/c6XnzJ0i91ULJ2IWNaDV+2SKdKI0cQYGF16ynUpuN4GhbhNf\nB/EAAAc4fZq4D32auA8AAAAHc3NoLXJzYQAAAgEAuVPyiCjcUKviRz32Oifw3nz0\ngXaAmO2w2j08v9Yd1Vn1DNxdp4/QHiT0MMofSJYs7l1n1LUI2vQjpVUONJfnGf06\nshrroVK8fjdBDTKi7dKZAZWGvYQnDTOCdjRY3h0mPQNgnowQL67uvxORdle7phyF\nc2T4qZ+yteWkNOrQ0KPg/JrYUzfWMXM7A8dFvBn0IKSvXbYT8bPMRBrMUy0/UKHh\nQsv3FkWFnaTPdYvmu27spmQQ+ejftO3xxeuCUt/u/XQ7+9c+OavdpiNMnlJk/bA8\n3zhu2f6IFdcBsacacjOhlSBi8lVjDkd00s0f2KOtcr4ga5nrik1QyIt7PXPLzKlI\nz2aBGFonu5QMeEIyA8tadpPyNajAbP58MHaIgWoVNeMI9HaZo/+TnFWyg3LMLurU\nD9+g3EhxQwwm6hrfHt87jPTao9MjjRZWYx1su+8TpW1JfRJFz90UIohIywkw6kOM\neFuVHf+Rvc1fr/OcO/0fxtu0wQ7ZZeHJNfbk8gaMNNQcrlXrEJ9Sfal9s9t59WPd\nB55GylNxxqrduazFWV0e2N3tK4M7izgbWkqTvHuxjnZ1dyiqogZhYqY1aTN9x/lo\n23r3qVeIO+Yq8Qdyl9hn/m+lbrmZT7p/c6XnzJ0i91ULJ2IWNaDV+2SKdKI0cQYG\nF16ynUpuN4GhbhNfB/EAAAADAQABAAACAD1N/ql50r9AzH5CiePc+HmwnfUBbTKp\nVdorbaALxRyhQEV70+Ms2GxQTxKgmc6aFszWyxT6ua4sGmqDg0p0gTcApFzsOMvJ\noZ6iynsCKBFBm+mBO+wO/hgI1Pwi/s6il9aQ+nIX5PbRCBre7zxVczZUsvRkDzmV\nITm4eCQlFOQfgbotwqdsjgcXlgr+7Rt2/mGZ+ISoSVqn3kcdEj/ldM9IbUp6TAbr\nAnMOZK3+lFmmLNQxv8fbd7zTBSoyaI7fkp/2xizdm7DaIFznyl2I5e1hUhGJCmpE\nH2ISGHZaz429dJLu/qwpALZlfsiIoCM6qZKOQA04Aklin/lm4mKGnoBJUyZmsebN\nt5qjZ0YyJdq0joZfGIavefEyKQD8i/+TRaK0ZNZl9vN9pB6SPaDFAWU0yTZL822M\nHNqVn9NH7CU1W+dXUzec7WXE4f6PmG47Mq4602D4uadZYyIlJbFUONlSlXyPQ7Dv\n+xe+tkhfYNIg6ZYwDsZhDZvNBtFxdBIp96T7m73O3yPWppc2VAquFcCXKCUEux/C\nX0joZGVajd5aAXrzIseTyzZXhu3XaqcJGhR7C6ps94TK9K+4pWg1u1y0XK7VMtpB\nWqzu0thdN6a7rQpc5uAQHO5GuVarBjnhus4nLto3rue2BXbdPjHuKYm9r8gv82XF\n/zxkNmQZYU7NAAABADEymj9ujh40b/QamYeFB5BXmsNGX1MWf00Ci5B/cwGbGuTO\nEQg/4myps19jVKKy8eJjjfd5o0qxyQYyz2wXE8swBZtJLXSKsZHc4V4zYngPXxn8\nowp9UVLeJerPTi+ebQd8OTnUzIqBTakoxnNpqQ/6aFUEmUsgommgoBvJFEI13xWv\n7IWXAf6l1sVpAWrr9s4zxRekWQnqvMFQ2fvnqOsFWUKMW1mlqgzlx4COGXyAPv8k\nQN1CFakeiOq8DuoPZSWcrLiJicLzlEkwcXDTqYnK+daXs41yHclf1aXNTBqAF7r+\nuMxZGt+g9w9M+XFb3jU32xvYFa4ytz3zTrfO5VkAAAEBAMgS7U8uSsCq4QGHES3G\nUDpjLxvGm662HP5JxEgr7p+PtLbIcYT3EFCqzSo8gBM6LHS99yHLNEKnpYZASQzH\n/ilW8m7z3tBPCWbQX8C8bAgMh8Nr50/v1YwWjyktjUm5pcyIlIacDyrF6WdJzujf\niLub86HwyV/aGYILzdlXlGsQiFy/OahSi+m6oTloCfoayR5SXG5MnqKByYvQzM3N\n3ljdzSnBBhufSHPItmoaIod6ZCGBDj10i+uDclxyhIcjnZIGTaRPhGPijtTjfBUr\nSm5f/9nsZgnpzDXacD1eoT7iVS3alqOdUFsTPiL4L1msZh+IkL8uGI9daJp8owcx\nliMAAAEBAO0hz8odZgG0xoJkOZyG2e2B+QdpHYl5AsJUOqMjPavK+agDHuc6PfIC\nxiTJZ+Sa1AQCe0Jg1tNlL6xYVfqBrQDXW5qSYrbLRZSgS0IPbtVvFgp9GUtqTLR2\nBIrcAxJZSmZI2dI06eXJ3GI8Sqmh12G7emeznoGwBEZL9JCA4285+5HLzYTtZwlh\n5alOcIYxJYesXlmT1Lz1SZwcyY1FkoRwaSl+pRK+eAnxiH0NUom/SesluqOarOVe\nOE4kC3mRdeBTITA6rzqPGzZ6oiMtkmiIwXO8EbVOfTprfRqosBYU5UAC7pfMJFrx\ngMCDiAiR9ocbCAOHtcd8/p3NfO+biNsAAAAAAQID\n-----END OPENSSH PRIVATE KEY-----\n",
            "private_key_pem": "-----BEGIN RSA PRIVATE KEY-----\nMIIJJwIBAAKCAgEAuVPyiCjcUKviRz32Oifw3nz0gXaAmO2w2j08v9Yd1Vn1DNxd\np4/QHiT0MMofSJYs7l1n1LUI2vQjpVUONJfnGf06shrroVK8fjdBDTKi7dKZAZWG\nvYQnDTOCdjRY3h0mPQNgnowQL67uvxORdle7phyFc2T4qZ+yteWkNOrQ0KPg/JrY\nUzfWMXM7A8dFvBn0IKSvXbYT8bPMRBrMUy0/UKHhQsv3FkWFnaTPdYvmu27spmQQ\n+ejftO3xxeuCUt/u/XQ7+9c+OavdpiNMnlJk/bA83zhu2f6IFdcBsacacjOhlSBi\n8lVjDkd00s0f2KOtcr4ga5nrik1QyIt7PXPLzKlIz2aBGFonu5QMeEIyA8tadpPy\nNajAbP58MHaIgWoVNeMI9HaZo/+TnFWyg3LMLurUD9+g3EhxQwwm6hrfHt87jPTa\no9MjjRZWYx1su+8TpW1JfRJFz90UIohIywkw6kOMeFuVHf+Rvc1fr/OcO/0fxtu0\nwQ7ZZeHJNfbk8gaMNNQcrlXrEJ9Sfal9s9t59WPdB55GylNxxqrduazFWV0e2N3t\nK4M7izgbWkqTvHuxjnZ1dyiqogZhYqY1aTN9x/lo23r3qVeIO+Yq8Qdyl9hn/m+l\nbrmZT7p/c6XnzJ0i91ULJ2IWNaDV+2SKdKI0cQYGF16ynUpuN4GhbhNfB/ECAwEA\nAQKCAgA9Tf6pedK/QMx+Qonj3Ph5sJ31AW0yqVXaK22gC8UcoUBFe9PjLNhsUE8S\noJnOmhbM1ssU+rmuLBpqg4NKdIE3AKRc7DjLyaGeosp7AigRQZvpgTvsDv4YCNT8\nIv7OopfWkPpyF+T20Qga3u88VXM2VLL0ZA85lSE5uHgkJRTkH4G6LcKnbI4HF5YK\n/u0bdv5hmfiEqElap95HHRI/5XTPSG1KekwG6wJzDmSt/pRZpizUMb/H23e80wUq\nMmiO35Kf9sYs3Zuw2iBc58pdiOXtYVIRiQpqRB9iEhh2Ws+NvXSS7v6sKQC2ZX7I\niKAjOqmSjkANOAJJYp/5ZuJihp6ASVMmZrHmzbeao2dGMiXatI6GXxiGr3nxMikA\n/Iv/k0WitGTWZfbzfaQekj2gxQFlNMk2S/NtjBzalZ/TR+wlNVvnV1M3nO1lxOH+\nj5huOzKuOtNg+LmnWWMiJSWxVDjZUpV8j0Ow7/sXvrZIX2DSIOmWMA7GYQ2bzQbR\ncXQSKfek+5u9zt8j1qaXNlQKrhXAlyglBLsfwl9I6GRlWo3eWgF68yLHk8s2V4bt\n12qnCRoUewuqbPeEyvSvuKVoNbtctFyu1TLaQVqs7tLYXTemu60KXObgEBzuRrlW\nqwY54brOJy7aN67ntgV23T4x7imJva/IL/Nlxf88ZDZkGWFOzQKCAQEAyBLtTy5K\nwKrhAYcRLcZQOmMvG8abrrYc/knESCvun4+0tshxhPcQUKrNKjyAEzosdL33Ics0\nQqelhkBJDMf+KVbybvPe0E8JZtBfwLxsCAyHw2vnT+/VjBaPKS2NSbmlzIiUhpwP\nKsXpZ0nO6N+Iu5vzofDJX9oZggvN2VeUaxCIXL85qFKL6bqhOWgJ+hrJHlJcbkye\nooHJi9DMzc3eWN3NKcEGG59Ic8i2ahoih3pkIYEOPXSL64NyXHKEhyOdkgZNpE+E\nY+KO1ON8FStKbl//2exmCenMNdpwPV6hPuJVLdqWo51QWxM+IvgvWaxmH4iQvy4Y\nj11omnyjBzGWIwKCAQEA7SHPyh1mAbTGgmQ5nIbZ7YH5B2kdiXkCwlQ6oyM9q8r5\nqAMe5zo98gLGJMln5JrUBAJ7QmDW02UvrFhV+oGtANdbmpJitstFlKBLQg9u1W8W\nCn0ZS2pMtHYEitwDEllKZkjZ0jTp5cncYjxKqaHXYbt6Z7OegbAERkv0kIDjbzn7\nkcvNhO1nCWHlqU5whjElh6xeWZPUvPVJnBzJjUWShHBpKX6lEr54CfGIfQ1Sib9J\n6yW6o5qs5V44TiQLeZF14FMhMDqvOo8bNnqiIy2SaIjBc7wRtU59Omt9GqiwFhTl\nQALul8wkWvGAwIOICJH2hxsIA4e1x3z+nc1875uI2wKCAQBHob8lIkXRRVzZ1ynn\nYaFHxksPfsQugTVQNcj4rgH5TtI8vvcly+8jcoOSI6cXOzS/d2QLzV0goDU7I7kD\nwnbVBjQ2VUno+uM61E/0CYIEP7g7114x2IR0a39GFvEG/FjIKf5DU4x6m/E88cgK\nyD2ELgnEaRkwID4RuXgx4JFa48hurGhQQ32kaRVgIEeyK/TlzkcZloUVWbJ3RIKP\nDK4W0xKpaFpveU/PZIUq58CFEOTYugQHLLsLzzwarUWVvMKljWwu7+lOecb5oZjD\nW4SCkAxiUakW04YxocudrUu93/rvN9vHKIOkl/cfPgx15quJjrOEP1S7v428AfO8\nl5xRAoIBAEUc7q/sw5dJtfW4+mWZlBi6Ife79kTkBR7YZ8K2eboBTaRfTHl+KyHH\nFzMPlH03dwW4J26gRNyWCEAF+wEpHGA7ZFJ3ydeXBS+dTHHzh40jdFwYO/AUCkkq\ngIZsO2T0q0+Geh3fGDDGFbp38hbguaKdfr6Mxmzr/ULzzlLzjdYUIzNKIBtXCgnd\nA4/F8dvapSKW5WTcRkvQfeTHKyNGnL6G+M+EPt5orxnO0MYJxP2qyAOGGpCmey/a\ntzRnIwUKlT2NXQXuhLXfkcHeGjWAicR331I5BTw/pRYK0AqeEbxN2MdAU4PgltP+\nwVTawSImUKDuCvbkbeG3l4osovY+8bMCggEAMTKaP26OHjRv9BqZh4UHkFeaw0Zf\nUxZ/TQKLkH9zAZsa5M4RCD/ibKmzX2NUorLx4mON93mjSrHJBjLPbBcTyzAFm0kt\ndIqxkdzhXjNieA9fGfyjCn1RUt4l6s9OL55tB3w5OdTMioFNqSjGc2mpD/poVQSZ\nSyCiaaCgG8kUQjXfFa/shZcB/qXWxWkBauv2zjPFF6RZCeq8wVDZ++eo6wVZQoxb\nWaWqDOXHgI4ZfIA+/yRA3UIVqR6I6rwO6g9lJZysuImJwvOUSTBxcNOpicr51pez\njXIdyV/Vpc1MGoAXuv64zFka36D3D0z5cVveNTfbG9gVrjK3PfNOt87lWQ==\n-----END RSA PRIVATE KEY-----\n",
            "private_key_pem_pkcs8": "-----BEGIN PRIVATE KEY-----\nMIIJQQIBADANBgkqhkiG9w0BAQEFAASCCSswggknAgEAAoICAQC5U/KIKNxQq+JH\nPfY6J/DefPSBdoCY7bDaPTy/1h3VWfUM3F2nj9AeJPQwyh9IlizuXWfUtQja9COl\nVQ40l+cZ/TqyGuuhUrx+N0ENMqLt0pkBlYa9hCcNM4J2NFjeHSY9A2CejBAvru6/\nE5F2V7umHIVzZPipn7K15aQ06tDQo+D8mthTN9YxczsDx0W8GfQgpK9dthPxs8xE\nGsxTLT9QoeFCy/cWRYWdpM91i+a7buymZBD56N+07fHF64JS3+79dDv71z45q92m\nI0yeUmT9sDzfOG7Z/ogV1wGxpxpyM6GVIGLyVWMOR3TSzR/Yo61yviBrmeuKTVDI\ni3s9c8vMqUjPZoEYWie7lAx4QjIDy1p2k/I1qMBs/nwwdoiBahU14wj0dpmj/5Oc\nVbKDcswu6tQP36DcSHFDDCbqGt8e3zuM9Nqj0yONFlZjHWy77xOlbUl9EkXP3RQi\niEjLCTDqQ4x4W5Ud/5G9zV+v85w7/R/G27TBDtll4ck19uTyBow01ByuVesQn1J9\nqX2z23n1Y90HnkbKU3HGqt25rMVZXR7Y3e0rgzuLOBtaSpO8e7GOdnV3KKqiBmFi\npjVpM33H+WjbevepV4g75irxB3KX2Gf+b6VuuZlPun9zpefMnSL3VQsnYhY1oNX7\nZIp0ojRxBgYXXrKdSm43gaFuE18H8QIDAQABAoICAD1N/ql50r9AzH5CiePc+Hmw\nnfUBbTKpVdorbaALxRyhQEV70+Ms2GxQTxKgmc6aFszWyxT6ua4sGmqDg0p0gTcA\npFzsOMvJoZ6iynsCKBFBm+mBO+wO/hgI1Pwi/s6il9aQ+nIX5PbRCBre7zxVczZU\nsvRkDzmVITm4eCQlFOQfgbotwqdsjgcXlgr+7Rt2/mGZ+ISoSVqn3kcdEj/ldM9I\nbUp6TAbrAnMOZK3+lFmmLNQxv8fbd7zTBSoyaI7fkp/2xizdm7DaIFznyl2I5e1h\nUhGJCmpEH2ISGHZaz429dJLu/qwpALZlfsiIoCM6qZKOQA04Aklin/lm4mKGnoBJ\nUyZmsebNt5qjZ0YyJdq0joZfGIavefEyKQD8i/+TRaK0ZNZl9vN9pB6SPaDFAWU0\nyTZL822MHNqVn9NH7CU1W+dXUzec7WXE4f6PmG47Mq4602D4uadZYyIlJbFUONlS\nlXyPQ7Dv+xe+tkhfYNIg6ZYwDsZhDZvNBtFxdBIp96T7m73O3yPWppc2VAquFcCX\nKCUEux/CX0joZGVajd5aAXrzIseTyzZXhu3XaqcJGhR7C6ps94TK9K+4pWg1u1y0\nXK7VMtpBWqzu0thdN6a7rQpc5uAQHO5GuVarBjnhus4nLto3rue2BXbdPjHuKYm9\nr8gv82XF/zxkNmQZYU7NAoIBAQDIEu1PLkrAquEBhxEtxlA6Yy8bxpuuthz+ScRI\nK+6fj7S2yHGE9xBQqs0qPIATOix0vfchyzRCp6WGQEkMx/4pVvJu897QTwlm0F/A\nvGwIDIfDa+dP79WMFo8pLY1JuaXMiJSGnA8qxelnSc7o34i7m/Oh8Mlf2hmCC83Z\nV5RrEIhcvzmoUovpuqE5aAn6GskeUlxuTJ6igcmL0MzNzd5Y3c0pwQYbn0hzyLZq\nGiKHemQhgQ49dIvrg3JccoSHI52SBk2kT4Rj4o7U43wVK0puX//Z7GYJ6cw12nA9\nXqE+4lUt2pajnVBbEz4i+C9ZrGYfiJC/LhiPXWiafKMHMZYjAoIBAQDtIc/KHWYB\ntMaCZDmchtntgfkHaR2JeQLCVDqjIz2ryvmoAx7nOj3yAsYkyWfkmtQEAntCYNbT\nZS+sWFX6ga0A11uakmK2y0WUoEtCD27VbxYKfRlLaky0dgSK3AMSWUpmSNnSNOnl\nydxiPEqpoddhu3pns56BsARGS/SQgONvOfuRy82E7WcJYeWpTnCGMSWHrF5Zk9S8\n9UmcHMmNRZKEcGkpfqUSvngJ8Yh9DVKJv0nrJbqjmqzlXjhOJAt5kXXgUyEwOq86\njxs2eqIjLZJoiMFzvBG1Tn06a30aqLAWFOVAAu6XzCRa8YDAg4gIkfaHGwgDh7XH\nfP6dzXzvm4jbAoIBAEehvyUiRdFFXNnXKedhoUfGSw9+xC6BNVA1yPiuAflO0jy+\n9yXL7yNyg5Ijpxc7NL93ZAvNXSCgNTsjuQPCdtUGNDZVSej64zrUT/QJggQ/uDvX\nXjHYhHRrf0YW8Qb8WMgp/kNTjHqb8TzxyArIPYQuCcRpGTAgPhG5eDHgkVrjyG6s\naFBDfaRpFWAgR7Ir9OXORxmWhRVZsndEgo8MrhbTEqloWm95T89khSrnwIUQ5Ni6\nBAcsuwvPPBqtRZW8wqWNbC7v6U55xvmhmMNbhIKQDGJRqRbThjGhy52tS73f+u83\n28cog6SX9x8+DHXmq4mOs4Q/VLu/jbwB87yXnFECggEARRzur+zDl0m19bj6ZZmU\nGLoh97v2ROQFHthnwrZ5ugFNpF9MeX4rIccXMw+UfTd3BbgnbqBE3JYIQAX7ASkc\nYDtkUnfJ15cFL51McfOHjSN0XBg78BQKSSqAhmw7ZPSrT4Z6Hd8YMMYVunfyFuC5\nop1+vozGbOv9QvPOUvON1hQjM0ogG1cKCd0Dj8Xx29qlIpblZNxGS9B95McrI0ac\nvob4z4Q+3mivGc7QxgnE/arIA4YakKZ7L9q3NGcjBQqVPY1dBe6Etd+Rwd4aNYCJ\nxHffUjkFPD+lFgrQCp4RvE3Yx0BTg+CW0/7BVNrBIiZQoO4K9uRt4beXiiyi9j7x\nswKCAQAxMpo/bo4eNG/0GpmHhQeQV5rDRl9TFn9NAouQf3MBmxrkzhEIP+JsqbNf\nY1SisvHiY433eaNKsckGMs9sFxPLMAWbSS10irGR3OFeM2J4D18Z/KMKfVFS3iXq\nz04vnm0HfDk51MyKgU2pKMZzaakP+mhVBJlLIKJpoKAbyRRCNd8Vr+yFlwH+pdbF\naQFq6/bOM8UXpFkJ6rzBUNn756jrBVlCjFtZpaoM5ceAjhl8gD7/JEDdQhWpHojq\nvA7qD2UlnKy4iYnC85RJMHFw06mJyvnWl7ONch3JX9WlzUwagBe6/rjMWRrfoPcP\nTPlxW941N9sb2BWuMrc98063zuVZ\n-----END PRIVATE KEY-----\n",
            "public_key_fingerprint_md5": "8b:14:63:99:c6:23:31:22:42:4a:12:24:0a:30:f0:26",
            "public_key_fingerprint_sha256": "SHA256:3qc3R7qs2IoPKK3Oxw69/AJZjFlP5JETV4F6Oa0wVgo",
            "public_key_openssh": "ssh-rsa AAAAB3NzaC1yc2EAAAADAQABAAACAQC5U/KIKNxQq+JHPfY6J/DefPSBdoCY7bDaPTy/1h3VWfUM3F2nj9AeJPQwyh9IlizuXWfUtQja9COlVQ40l+cZ/TqyGuuhUrx+N0ENMqLt0pkBlYa9hCcNM4J2NFjeHSY9A2CejBAvru6/E5F2V7umHIVzZPipn7K15aQ06tDQo+D8mthTN9YxczsDx0W8GfQgpK9dthPxs8xEGsxTLT9QoeFCy/cWRYWdpM91i+a7buymZBD56N+07fHF64JS3+79dDv71z45q92mI0yeUmT9sDzfOG7Z/ogV1wGxpxpyM6GVIGLyVWMOR3TSzR/Yo61yviBrmeuKTVDIi3s9c8vMqUjPZoEYWie7lAx4QjIDy1p2k/I1qMBs/nwwdoiBahU14wj0dpmj/5OcVbKDcswu6tQP36DcSHFDDCbqGt8e3zuM9Nqj0yONFlZjHWy77xOlbUl9EkXP3RQiiEjLCTDqQ4x4W5Ud/5G9zV+v85w7/R/G27TBDtll4ck19uTyBow01ByuVesQn1J9qX2z23n1Y90HnkbKU3HGqt25rMVZXR7Y3e0rgzuLOBtaSpO8e7GOdnV3KKqiBmFipjVpM33H+WjbevepV4g75irxB3KX2Gf+b6VuuZlPun9zpefMnSL3VQsnYhY1oNX7ZIp0ojRxBgYXXrKdSm43gaFuE18H8Q==\n",
            "public_key_pem": "-----BEGIN PUBLIC KEY-----\nMIICIjANBgkqhkiG9w0BAQEFAAOCAg8AMIICCgKCAgEAuVPyiCjcUKviRz32Oifw\n3nz0gXaAmO2w2j08v9Yd1Vn1DNxdp4/QHiT0MMofSJYs7l1n1LUI2vQjpVUONJfn\nGf06shrroVK8fjdBDTKi7dKZAZWGvYQnDTOCdjRY3h0mPQNgnowQL67uvxORdle7\nphyFc2T4qZ+yteWkNOrQ0KPg/JrYUzfWMXM7A8dFvBn0IKSvXbYT8bPMRBrMUy0/\nUKHhQsv3FkWFnaTPdYvmu27spmQQ+ejftO3xxeuCUt/u/XQ7+9c+OavdpiNMnlJk\n/bA83zhu2f6IFdcBsacacjOhlSBi8lVjDkd00s0f2KOtcr4ga5nrik1QyIt7PXPL\nzKlIz2aBGFonu5QMeEIyA8tadpPyNajAbP58MHaIgWoVNeMI9HaZo/+TnFWyg3LM\nLurUD9+g3EhxQwwm6hrfHt87jPTao9MjjRZWYx1su+8TpW1JfRJFz90UIohIywkw\n6kOMeFuVHf+Rvc1fr/OcO/0fxtu0wQ7ZZeHJNfbk8gaMNNQcrlXrEJ9Sfal9s9t5\n9WPdB55GylNxxqrduazFWV0e2N3tK4M7izgbWkqTvHuxjnZ1dyiqogZhYqY1aTN9\nx/lo23r3qVeIO+Yq8Qdyl9hn/m+lbrmZT7p/c6XnzJ0i91ULJ2IWNaDV+2SKdKI0\ncQYGF16ynUpuN4GhbhNfB/ECAwEAAQ==\n-----END PUBLIC KEY-----\n",
            "rsa_bits": 4096
          },
          "sensitive_attributes": []
        }
      ]
    }
  ],
  "check_results": null
}
